
Microsoft Visual Studio Solution File, Format Version 12.00
# Visual Studio Version 17
VisualStudioVersion = 17.3.32929.385
MinimumVisualStudioVersion = 10.0.40219.1
Project("{FAE04EC0-301F-11D3-BF4B-00C04F79EFBC}") = "Lesson2", "Lesson2\Lesson2.csproj", "{B0C8C1F1-43C1-43F5-AB98-A964C9B7F962}"
EndProject
Project("{FAE04EC0-301F-11D3-BF4B-00C04F79EFBC}") = "Lesson2.1", "Lesson2.1\Lesson2.1.csproj", "{061A868A-4D63-4819-A036-3272E1A27DB7}"
EndProject
Global
	GlobalSection(SolutionConfigurationPlatforms) = preSolution
		Debug|Any CPU = Debug|Any CPU
		Release|Any CPU = Release|Any CPU
	EndGlobalSection
	GlobalSection(ProjectConfigurationPlatforms) = postSolution
		{B0C8C1F1-43C1-43F5-AB98-A964C9B7F962}.Debug|Any CPU.ActiveCfg = Debug|Any CPU
		{B0C8C1F1-43C1-43F5-AB98-A964C9B7F962}.Debug|Any CPU.Build.0 = Debug|Any CPU
		{B0C8C1F1-43C1-43F5-AB98-A964C9B7F962}.Release|Any CPU.ActiveCfg = Release|Any CPU
		{B0C8C1F1-43C1-43F5-AB98-A964C9B7F962}.Release|Any CPU.Build.0 = Release|Any CPU
		{061A868A-4D63-4819-A036-3272E1A27DB7}.Debug|Any CPU.ActiveCfg = Debug|Any CPU
		{061A868A-4D63-4819-A036-3272E1A27DB7}.Debug|Any CPU.Build.0 = Debug|Any CPU
		{061A868A-4D63-4819-A036-3272E1A27DB7}.Release|Any CPU.ActiveCfg = Release|Any CPU
		{061A868A-4D63-4819-A036-3272E1A27DB7}.Release|Any CPU.Build.0 = Release|Any CPU
	EndGlobalSection
	GlobalSection(SolutionProperties) = preSolution
		HideSolutionNode = FALSE
	EndGlobalSection
	GlobalSection(ExtensibilityGlobals) = postSolution
		SolutionGuid = {6414A93C-B66A-46B5-BFD7-1CFB470CF616}
	EndGlobalSection
EndGlobal
