
Microsoft Visual Studio Solution File, Format Version 12.00
# Visual Studio Version 17
VisualStudioVersion = 17.4.33110.190
MinimumVisualStudioVersion = 10.0.40219.1
Project("{FAE04EC0-301F-11D3-BF4B-00C04F79EFBC}") = "Massiv1.2", "Massiv1.2\Massiv1.2.csproj", "{816FC246-3F01-43E7-A20E-12869F1F9A43}"
EndProject
Global
	GlobalSection(SolutionConfigurationPlatforms) = preSolution
		Debug|Any CPU = Debug|Any CPU
		Release|Any CPU = Release|Any CPU
	EndGlobalSection
	GlobalSection(ProjectConfigurationPlatforms) = postSolution
		{816FC246-3F01-43E7-A20E-12869F1F9A43}.Debug|Any CPU.ActiveCfg = Debug|Any CPU
		{816FC246-3F01-43E7-A20E-12869F1F9A43}.Debug|Any CPU.Build.0 = Debug|Any CPU
		{816FC246-3F01-43E7-A20E-12869F1F9A43}.Release|Any CPU.ActiveCfg = Release|Any CPU
		{816FC246-3F01-43E7-A20E-12869F1F9A43}.Release|Any CPU.Build.0 = Release|Any CPU
	EndGlobalSection
	GlobalSection(SolutionProperties) = preSolution
		HideSolutionNode = FALSE
	EndGlobalSection
	GlobalSection(ExtensibilityGlobals) = postSolution
		SolutionGuid = {76959A61-FE1A-41A6-B3AC-89F47D14E6B1}
	EndGlobalSection
EndGlobal
