
Microsoft Visual Studio Solution File, Format Version 12.00
# Visual Studio Version 17
VisualStudioVersion = 17.3.32929.385
MinimumVisualStudioVersion = 10.0.40219.1
Project("{FAE04EC0-301F-11D3-BF4B-00C04F79EFBC}") = "Домашнее задание Урок 1", "Домашнее задание Урок 1\Домашнее задание Урок 1.csproj", "{3FAD90E4-3F16-425D-8A91-8902EB62B57B}"
EndProject
Global
	GlobalSection(SolutionConfigurationPlatforms) = preSolution
		Debug|Any CPU = Debug|Any CPU
		Release|Any CPU = Release|Any CPU
	EndGlobalSection
	GlobalSection(ProjectConfigurationPlatforms) = postSolution
		{3FAD90E4-3F16-425D-8A91-8902EB62B57B}.Debug|Any CPU.ActiveCfg = Debug|Any CPU
		{3FAD90E4-3F16-425D-8A91-8902EB62B57B}.Debug|Any CPU.Build.0 = Debug|Any CPU
		{3FAD90E4-3F16-425D-8A91-8902EB62B57B}.Release|Any CPU.ActiveCfg = Release|Any CPU
		{3FAD90E4-3F16-425D-8A91-8902EB62B57B}.Release|Any CPU.Build.0 = Release|Any CPU
	EndGlobalSection
	GlobalSection(SolutionProperties) = preSolution
		HideSolutionNode = FALSE
	EndGlobalSection
	GlobalSection(ExtensibilityGlobals) = postSolution
		SolutionGuid = {58DC8D84-A424-4044-9289-7BDF47D551B9}
	EndGlobalSection
EndGlobal
